
Microsoft Visual Studio Solution File, Format Version 12.00
# Visual Studio 2017
Project("{FAE04EC0-301F-11D3-BF4B-00C04F79EFBC}") = "Static Demo.Plugins", "Static Demo.Plugins.csproj", "{9000559E-5470-4D4E-FB55-BB3B7B8C1DDB}"
EndProject
Project("{FAE04EC0-301F-11D3-BF4B-00C04F79EFBC}") = "Static Demo", "Static Demo.csproj", "{A245950E-1F2D-3FBD-B5F3-4522101AEC1A}"
EndProject
Project("{FAE04EC0-301F-11D3-BF4B-00C04F79EFBC}") = "Static Demo.Editor.Plugins", "Static Demo.Editor.Plugins.csproj", "{7BFDE708-B1C6-6EA9-4ECA-6934437C4EE9}"
EndProject
Global
	GlobalSection(SolutionConfigurationPlatforms) = preSolution
		Debug|Any CPU = Debug|Any CPU
		Release|Any CPU = Release|Any CPU
	EndGlobalSection
	GlobalSection(ProjectConfigurationPlatforms) = postSolution
		{9000559E-5470-4D4E-FB55-BB3B7B8C1DDB}.Debug|Any CPU.ActiveCfg = Debug|Any CPU
		{9000559E-5470-4D4E-FB55-BB3B7B8C1DDB}.Debug|Any CPU.Build.0 = Debug|Any CPU
		{9000559E-5470-4D4E-FB55-BB3B7B8C1DDB}.Release|Any CPU.ActiveCfg = Release|Any CPU
		{9000559E-5470-4D4E-FB55-BB3B7B8C1DDB}.Release|Any CPU.Build.0 = Release|Any CPU
		{A245950E-1F2D-3FBD-B5F3-4522101AEC1A}.Debug|Any CPU.ActiveCfg = Debug|Any CPU
		{A245950E-1F2D-3FBD-B5F3-4522101AEC1A}.Debug|Any CPU.Build.0 = Debug|Any CPU
		{A245950E-1F2D-3FBD-B5F3-4522101AEC1A}.Release|Any CPU.ActiveCfg = Release|Any CPU
		{A245950E-1F2D-3FBD-B5F3-4522101AEC1A}.Release|Any CPU.Build.0 = Release|Any CPU
		{7BFDE708-B1C6-6EA9-4ECA-6934437C4EE9}.Debug|Any CPU.ActiveCfg = Debug|Any CPU
		{7BFDE708-B1C6-6EA9-4ECA-6934437C4EE9}.Debug|Any CPU.Build.0 = Debug|Any CPU
		{7BFDE708-B1C6-6EA9-4ECA-6934437C4EE9}.Release|Any CPU.ActiveCfg = Release|Any CPU
		{7BFDE708-B1C6-6EA9-4ECA-6934437C4EE9}.Release|Any CPU.Build.0 = Release|Any CPU
	EndGlobalSection
	GlobalSection(SolutionProperties) = preSolution
		HideSolutionNode = FALSE
	EndGlobalSection
EndGlobal
