
Microsoft Visual Studio Solution File, Format Version 11.00
# Visual Studio 2010
Project("{FAE04EC0-301F-11D3-BF4B-00C04F79EFBC}") = "Scoring", "Assembly-CSharp-firstpass.csproj", "{52B01A30-A3A3-F6C6-9958-C66877D7DE41}"
EndProject
Project("{FAE04EC0-301F-11D3-BF4B-00C04F79EFBC}") = "Scoring", "Assembly-CSharp.csproj", "{CF4AEA2A-61EC-30A5-52E1-7A537B5ED066}"
EndProject
Project("{FAE04EC0-301F-11D3-BF4B-00C04F79EFBC}") = "Scoring", "Assembly-CSharp-Editor-firstpass.csproj", "{6652C5FF-C397-086F-FABA-E0E298B8EE08}"
EndProject
Global
	GlobalSection(SolutionConfigurationPlatforms) = preSolution
		Debug|Any CPU = Debug|Any CPU
		Release|Any CPU = Release|Any CPU
	EndGlobalSection
	GlobalSection(ProjectConfigurationPlatforms) = postSolution
		{52B01A30-A3A3-F6C6-9958-C66877D7DE41}.Debug|Any CPU.ActiveCfg = Debug|Any CPU
		{52B01A30-A3A3-F6C6-9958-C66877D7DE41}.Debug|Any CPU.Build.0 = Debug|Any CPU
		{52B01A30-A3A3-F6C6-9958-C66877D7DE41}.Release|Any CPU.ActiveCfg = Release|Any CPU
		{52B01A30-A3A3-F6C6-9958-C66877D7DE41}.Release|Any CPU.Build.0 = Release|Any CPU
		{CF4AEA2A-61EC-30A5-52E1-7A537B5ED066}.Debug|Any CPU.ActiveCfg = Debug|Any CPU
		{CF4AEA2A-61EC-30A5-52E1-7A537B5ED066}.Debug|Any CPU.Build.0 = Debug|Any CPU
		{CF4AEA2A-61EC-30A5-52E1-7A537B5ED066}.Release|Any CPU.ActiveCfg = Release|Any CPU
		{CF4AEA2A-61EC-30A5-52E1-7A537B5ED066}.Release|Any CPU.Build.0 = Release|Any CPU
		{6652C5FF-C397-086F-FABA-E0E298B8EE08}.Debug|Any CPU.ActiveCfg = Debug|Any CPU
		{6652C5FF-C397-086F-FABA-E0E298B8EE08}.Debug|Any CPU.Build.0 = Debug|Any CPU
		{6652C5FF-C397-086F-FABA-E0E298B8EE08}.Release|Any CPU.ActiveCfg = Release|Any CPU
		{6652C5FF-C397-086F-FABA-E0E298B8EE08}.Release|Any CPU.Build.0 = Release|Any CPU
	EndGlobalSection
	GlobalSection(SolutionProperties) = preSolution
		HideSolutionNode = FALSE
	EndGlobalSection
	GlobalSection(MonoDevelopProperties) = preSolution
		StartupItem = Assembly-CSharp.csproj
	EndGlobalSection
EndGlobal
